// !$*UTF8*$!
{
	archiveVersion = 1;
	classes = {
	};
	objectVersion = 56;
	objects = {

/* Begin PBXBuildFile section */
		8F2A417029EEBC6000F1185D /* AppDelegate.swift in Sources */ = {isa = PBXBuildFile; fileRef = 8F2A416F29EEBC6000F1185D /* AppDelegate.swift */; };
		8F2A417229EEBC6000F1185D /* SceneDelegate.swift in Sources */ = {isa = PBXBuildFile; fileRef = 8F2A417129EEBC6000F1185D /* SceneDelegate.swift */; };
		8F2A417429EEBC6000F1185D /* StartViewController.swift in Sources */ = {isa = PBXBuildFile; fileRef = 8F2A417329EEBC6000F1185D /* StartViewController.swift */; };
		8F2A417929EEBC7000F1185D /* Assets.xcassets in Resources */ = {isa = PBXBuildFile; fileRef = 8F2A417829EEBC7000F1185D /* Assets.xcassets */; };
		8F2A417C29EEBC7000F1185D /* LaunchScreen.storyboard in Resources */ = {isa = PBXBuildFile; fileRef = 8F2A417A29EEBC7000F1185D /* LaunchScreen.storyboard */; };
		8F2A418729EEBC7100F1185D /* AHAssessmentTests.swift in Sources */ = {isa = PBXBuildFile; fileRef = 8F2A418629EEBC7100F1185D /* AHAssessmentTests.swift */; };
		8F2A419129EEBC7100F1185D /* AHAssessmentUITests.swift in Sources */ = {isa = PBXBuildFile; fileRef = 8F2A419029EEBC7100F1185D /* AHAssessmentUITests.swift */; };
		8F2A419329EEBC7100F1185D /* AHAssessmentUITestsLaunchTests.swift in Sources */ = {isa = PBXBuildFile; fileRef = 8F2A419229EEBC7100F1185D /* AHAssessmentUITestsLaunchTests.swift */; };
		8F2A41A129EECB9700F1185D /* CollectionViewController.swift in Sources */ = {isa = PBXBuildFile; fileRef = 8F2A41A029EECB9700F1185D /* CollectionViewController.swift */; };
		8F2A41A329EECBAC00F1185D /* DetailsViewController.swift in Sources */ = {isa = PBXBuildFile; fileRef = 8F2A41A229EECBAC00F1185D /* DetailsViewController.swift */; };
		8F2A41A629EECEAF00F1185D /* TextConstants.swift in Sources */ = {isa = PBXBuildFile; fileRef = 8F2A41A529EECEAF00F1185D /* TextConstants.swift */; };
		8F5C951C29F1569F003FD973 /* ArtTypeHeaderView.swift in Sources */ = {isa = PBXBuildFile; fileRef = 8F5C951B29F1569F003FD973 /* ArtTypeHeaderView.swift */; };
		8F5C951E29F15B88003FD973 /* StringConstants.swift in Sources */ = {isa = PBXBuildFile; fileRef = 8F5C951D29F15B88003FD973 /* StringConstants.swift */; };
		8F5C952029F15C43003FD973 /* ArtObjectCell.swift in Sources */ = {isa = PBXBuildFile; fileRef = 8F5C951F29F15C43003FD973 /* ArtObjectCell.swift */; };
		8F5C952629F29DC3003FD973 /* JSONDataProviderTests.swift in Sources */ = {isa = PBXBuildFile; fileRef = 8F5C952529F29DC3003FD973 /* JSONDataProviderTests.swift */; };
		8F68B93029F07BB5009830C3 /* ArtType.swift in Sources */ = {isa = PBXBuildFile; fileRef = 8F68B92F29F07BB5009830C3 /* ArtType.swift */; };
		8F68B93229F0938C009830C3 /* DataProvider.swift in Sources */ = {isa = PBXBuildFile; fileRef = 8F68B93129F0938C009830C3 /* DataProvider.swift */; };
		8F68B93429F093EA009830C3 /* ArtObject.swift in Sources */ = {isa = PBXBuildFile; fileRef = 8F68B93329F093EA009830C3 /* ArtObject.swift */; };
		8F9A749229EF0BBA0032E5F3 /* SizeUtils.swift in Sources */ = {isa = PBXBuildFile; fileRef = 8F9A749129EF0BBA0032E5F3 /* SizeUtils.swift */; };
		8FFBD43029EFDC0F005AD0BA /* Router.swift in Sources */ = {isa = PBXBuildFile; fileRef = 8FFBD42F29EFDC0F005AD0BA /* Router.swift */; };
		8FFBD43229EFE7BF005AD0BA /* ColorConstants.swift in Sources */ = {isa = PBXBuildFile; fileRef = 8FFBD43129EFE7BF005AD0BA /* ColorConstants.swift */; };
		8FFBD43529EFFE55005AD0BA /* JSONDataProvider.swift in Sources */ = {isa = PBXBuildFile; fileRef = 8FFBD43429EFFE55005AD0BA /* JSONDataProvider.swift */; };
		8FFBD43729F01029005AD0BA /* AppConfiguration.plist in Resources */ = {isa = PBXBuildFile; fileRef = 8FFBD43629F01029005AD0BA /* AppConfiguration.plist */; };
		8FFBD43929F011F8005AD0BA /* AppConfiguration.swift in Sources */ = {isa = PBXBuildFile; fileRef = 8FFBD43829F011F8005AD0BA /* AppConfiguration.swift */; };
/* End PBXBuildFile section */

/* Begin PBXContainerItemProxy section */
		8F2A418329EEBC7100F1185D /* PBXContainerItemProxy */ = {
			isa = PBXContainerItemProxy;
			containerPortal = 8F2A416429EEBC6000F1185D /* Project object */;
			proxyType = 1;
			remoteGlobalIDString = 8F2A416B29EEBC6000F1185D;
			remoteInfo = AHAssessment;
		};
		8F2A418D29EEBC7100F1185D /* PBXContainerItemProxy */ = {
			isa = PBXContainerItemProxy;
			containerPortal = 8F2A416429EEBC6000F1185D /* Project object */;
			proxyType = 1;
			remoteGlobalIDString = 8F2A416B29EEBC6000F1185D;
			remoteInfo = AHAssessment;
		};
/* End PBXContainerItemProxy section */

/* Begin PBXFileReference section */
		8F2A416C29EEBC6000F1185D /* AHAssessment.app */ = {isa = PBXFileReference; explicitFileType = wrapper.application; includeInIndex = 0; path = AHAssessment.app; sourceTree = BUILT_PRODUCTS_DIR; };
		8F2A416F29EEBC6000F1185D /* AppDelegate.swift */ = {isa = PBXFileReference; lastKnownFileType = sourcecode.swift; path = AppDelegate.swift; sourceTree = "<group>"; };
		8F2A417129EEBC6000F1185D /* SceneDelegate.swift */ = {isa = PBXFileReference; lastKnownFileType = sourcecode.swift; path = SceneDelegate.swift; sourceTree = "<group>"; };
		8F2A417329EEBC6000F1185D /* StartViewController.swift */ = {isa = PBXFileReference; lastKnownFileType = sourcecode.swift; path = StartViewController.swift; sourceTree = "<group>"; };
		8F2A417829EEBC7000F1185D /* Assets.xcassets */ = {isa = PBXFileReference; lastKnownFileType = folder.assetcatalog; path = Assets.xcassets; sourceTree = "<group>"; };
		8F2A417B29EEBC7000F1185D /* Base */ = {isa = PBXFileReference; lastKnownFileType = file.storyboard; name = Base; path = Base.lproj/LaunchScreen.storyboard; sourceTree = "<group>"; };
		8F2A417D29EEBC7000F1185D /* Info.plist */ = {isa = PBXFileReference; lastKnownFileType = text.plist.xml; path = Info.plist; sourceTree = "<group>"; };
		8F2A418229EEBC7100F1185D /* AHAssessmentTests.xctest */ = {isa = PBXFileReference; explicitFileType = wrapper.cfbundle; includeInIndex = 0; path = AHAssessmentTests.xctest; sourceTree = BUILT_PRODUCTS_DIR; };
		8F2A418629EEBC7100F1185D /* AHAssessmentTests.swift */ = {isa = PBXFileReference; lastKnownFileType = sourcecode.swift; path = AHAssessmentTests.swift; sourceTree = "<group>"; };
		8F2A418C29EEBC7100F1185D /* AHAssessmentUITests.xctest */ = {isa = PBXFileReference; explicitFileType = wrapper.cfbundle; includeInIndex = 0; path = AHAssessmentUITests.xctest; sourceTree = BUILT_PRODUCTS_DIR; };
		8F2A419029EEBC7100F1185D /* AHAssessmentUITests.swift */ = {isa = PBXFileReference; lastKnownFileType = sourcecode.swift; path = AHAssessmentUITests.swift; sourceTree = "<group>"; };
		8F2A419229EEBC7100F1185D /* AHAssessmentUITestsLaunchTests.swift */ = {isa = PBXFileReference; lastKnownFileType = sourcecode.swift; path = AHAssessmentUITestsLaunchTests.swift; sourceTree = "<group>"; };
		8F2A41A029EECB9700F1185D /* CollectionViewController.swift */ = {isa = PBXFileReference; lastKnownFileType = sourcecode.swift; path = CollectionViewController.swift; sourceTree = "<group>"; };
		8F2A41A229EECBAC00F1185D /* DetailsViewController.swift */ = {isa = PBXFileReference; lastKnownFileType = sourcecode.swift; path = DetailsViewController.swift; sourceTree = "<group>"; };
		8F2A41A529EECEAF00F1185D /* TextConstants.swift */ = {isa = PBXFileReference; lastKnownFileType = sourcecode.swift; path = TextConstants.swift; sourceTree = "<group>"; };
		8F5C951B29F1569F003FD973 /* ArtTypeHeaderView.swift */ = {isa = PBXFileReference; lastKnownFileType = sourcecode.swift; path = ArtTypeHeaderView.swift; sourceTree = "<group>"; };
		8F5C951D29F15B88003FD973 /* StringConstants.swift */ = {isa = PBXFileReference; lastKnownFileType = sourcecode.swift; path = StringConstants.swift; sourceTree = "<group>"; };
		8F5C951F29F15C43003FD973 /* ArtObjectCell.swift */ = {isa = PBXFileReference; lastKnownFileType = sourcecode.swift; path = ArtObjectCell.swift; sourceTree = "<group>"; };
		8F5C952529F29DC3003FD973 /* JSONDataProviderTests.swift */ = {isa = PBXFileReference; lastKnownFileType = sourcecode.swift; path = JSONDataProviderTests.swift; sourceTree = "<group>"; };
		8F68B92F29F07BB5009830C3 /* ArtType.swift */ = {isa = PBXFileReference; lastKnownFileType = sourcecode.swift; path = ArtType.swift; sourceTree = "<group>"; };
		8F68B93129F0938C009830C3 /* DataProvider.swift */ = {isa = PBXFileReference; lastKnownFileType = sourcecode.swift; path = DataProvider.swift; sourceTree = "<group>"; };
		8F68B93329F093EA009830C3 /* ArtObject.swift */ = {isa = PBXFileReference; lastKnownFileType = sourcecode.swift; path = ArtObject.swift; sourceTree = "<group>"; };
		8F9A749129EF0BBA0032E5F3 /* SizeUtils.swift */ = {isa = PBXFileReference; lastKnownFileType = sourcecode.swift; path = SizeUtils.swift; sourceTree = "<group>"; };
		8FFBD42F29EFDC0F005AD0BA /* Router.swift */ = {isa = PBXFileReference; lastKnownFileType = sourcecode.swift; path = Router.swift; sourceTree = "<group>"; };
		8FFBD43129EFE7BF005AD0BA /* ColorConstants.swift */ = {isa = PBXFileReference; lastKnownFileType = sourcecode.swift; path = ColorConstants.swift; sourceTree = "<group>"; };
		8FFBD43429EFFE55005AD0BA /* JSONDataProvider.swift */ = {isa = PBXFileReference; lastKnownFileType = sourcecode.swift; path = JSONDataProvider.swift; sourceTree = "<group>"; };
		8FFBD43629F01029005AD0BA /* AppConfiguration.plist */ = {isa = PBXFileReference; lastKnownFileType = text.plist.xml; path = AppConfiguration.plist; sourceTree = "<group>"; };
		8FFBD43829F011F8005AD0BA /* AppConfiguration.swift */ = {isa = PBXFileReference; lastKnownFileType = sourcecode.swift; path = AppConfiguration.swift; sourceTree = "<group>"; };
/* End PBXFileReference section */

/* Begin PBXFrameworksBuildPhase section */
		8F2A416929EEBC6000F1185D /* Frameworks */ = {
			isa = PBXFrameworksBuildPhase;
			buildActionMask = 2147483647;
			files = (
			);
			runOnlyForDeploymentPostprocessing = 0;
		};
		8F2A417F29EEBC7100F1185D /* Frameworks */ = {
			isa = PBXFrameworksBuildPhase;
			buildActionMask = 2147483647;
			files = (
			);
			runOnlyForDeploymentPostprocessing = 0;
		};
		8F2A418929EEBC7100F1185D /* Frameworks */ = {
			isa = PBXFrameworksBuildPhase;
			buildActionMask = 2147483647;
			files = (
			);
			runOnlyForDeploymentPostprocessing = 0;
		};
/* End PBXFrameworksBuildPhase section */

/* Begin PBXGroup section */
		8F2A416329EEBC6000F1185D = {
			isa = PBXGroup;
			children = (
				8F2A416E29EEBC6000F1185D /* AHAssessment */,
				8F2A418529EEBC7100F1185D /* AHAssessmentTests */,
				8F2A418F29EEBC7100F1185D /* AHAssessmentUITests */,
				8F2A416D29EEBC6000F1185D /* Products */,
			);
			sourceTree = "<group>";
		};
		8F2A416D29EEBC6000F1185D /* Products */ = {
			isa = PBXGroup;
			children = (
				8F2A416C29EEBC6000F1185D /* AHAssessment.app */,
				8F2A418229EEBC7100F1185D /* AHAssessmentTests.xctest */,
				8F2A418C29EEBC7100F1185D /* AHAssessmentUITests.xctest */,
			);
			name = Products;
			sourceTree = "<group>";
		};
		8F2A416E29EEBC6000F1185D /* AHAssessment */ = {
			isa = PBXGroup;
			children = (
				8F2A416F29EEBC6000F1185D /* AppDelegate.swift */,
				8F2A417129EEBC6000F1185D /* SceneDelegate.swift */,
				8F2A419F29EECB8200F1185D /* Controllers */,
				8F5C951A29F15682003FD973 /* Views */,
				8F2A41A429EECD7100F1185D /* Constants */,
				8FFBD43329EFFDEA005AD0BA /* DataLayer */,
				8F9A749029EF0B960032E5F3 /* Utils */,
				8F2A417829EEBC7000F1185D /* Assets.xcassets */,
				8F2A417A29EEBC7000F1185D /* LaunchScreen.storyboard */,
				8F2A417D29EEBC7000F1185D /* Info.plist */,
				8FFBD43629F01029005AD0BA /* AppConfiguration.plist */,
				8FFBD43829F011F8005AD0BA /* AppConfiguration.swift */,
			);
			path = AHAssessment;
			sourceTree = "<group>";
		};
		8F2A418529EEBC7100F1185D /* AHAssessmentTests */ = {
			isa = PBXGroup;
			children = (
				8F2A418629EEBC7100F1185D /* AHAssessmentTests.swift */,
				8F5C952529F29DC3003FD973 /* JSONDataProviderTests.swift */,
			);
			path = AHAssessmentTests;
			sourceTree = "<group>";
		};
		8F2A418F29EEBC7100F1185D /* AHAssessmentUITests */ = {
			isa = PBXGroup;
			children = (
				8F2A419029EEBC7100F1185D /* AHAssessmentUITests.swift */,
				8F2A419229EEBC7100F1185D /* AHAssessmentUITestsLaunchTests.swift */,
			);
			path = AHAssessmentUITests;
			sourceTree = "<group>";
		};
		8F2A419F29EECB8200F1185D /* Controllers */ = {
			isa = PBXGroup;
			children = (
				8F2A417329EEBC6000F1185D /* StartViewController.swift */,
				8F2A41A029EECB9700F1185D /* CollectionViewController.swift */,
				8F2A41A229EECBAC00F1185D /* DetailsViewController.swift */,
				8FFBD42F29EFDC0F005AD0BA /* Router.swift */,
			);
			path = Controllers;
			sourceTree = "<group>";
		};
		8F2A41A429EECD7100F1185D /* Constants */ = {
			isa = PBXGroup;
			children = (
				8F2A41A529EECEAF00F1185D /* TextConstants.swift */,
				8FFBD43129EFE7BF005AD0BA /* ColorConstants.swift */,
				8F5C951D29F15B88003FD973 /* StringConstants.swift */,
			);
			path = Constants;
			sourceTree = "<group>";
		};
		8F5C951A29F15682003FD973 /* Views */ = {
			isa = PBXGroup;
			children = (
				8F5C951B29F1569F003FD973 /* ArtTypeHeaderView.swift */,
				8F5C951F29F15C43003FD973 /* ArtObjectCell.swift */,
			);
			path = Views;
			sourceTree = "<group>";
		};
		8F9A749029EF0B960032E5F3 /* Utils */ = {
			isa = PBXGroup;
			children = (
				8F9A749129EF0BBA0032E5F3 /* SizeUtils.swift */,
			);
			path = Utils;
			sourceTree = "<group>";
		};
		8FFBD43329EFFDEA005AD0BA /* DataLayer */ = {
			isa = PBXGroup;
			children = (
				8FFBD43429EFFE55005AD0BA /* JSONDataProvider.swift */,
				8F68B92F29F07BB5009830C3 /* ArtType.swift */,
				8F68B93129F0938C009830C3 /* DataProvider.swift */,
				8F68B93329F093EA009830C3 /* ArtObject.swift */,
			);
			path = DataLayer;
			sourceTree = "<group>";
		};
/* End PBXGroup section */

/* Begin PBXNativeTarget section */
		8F2A416B29EEBC6000F1185D /* AHAssessment */ = {
			isa = PBXNativeTarget;
			buildConfigurationList = 8F2A419629EEBC7100F1185D /* Build configuration list for PBXNativeTarget "AHAssessment" */;
			buildPhases = (
				8F2A416829EEBC6000F1185D /* Sources */,
				8F2A416929EEBC6000F1185D /* Frameworks */,
				8F2A416A29EEBC6000F1185D /* Resources */,
			);
			buildRules = (
			);
			dependencies = (
			);
			name = AHAssessment;
			productName = AHAssessment;
			productReference = 8F2A416C29EEBC6000F1185D /* AHAssessment.app */;
			productType = "com.apple.product-type.application";
		};
		8F2A418129EEBC7100F1185D /* AHAssessmentTests */ = {
			isa = PBXNativeTarget;
			buildConfigurationList = 8F2A419929EEBC7100F1185D /* Build configuration list for PBXNativeTarget "AHAssessmentTests" */;
			buildPhases = (
				8F2A417E29EEBC7100F1185D /* Sources */,
				8F2A417F29EEBC7100F1185D /* Frameworks */,
				8F2A418029EEBC7100F1185D /* Resources */,
			);
			buildRules = (
			);
			dependencies = (
				8F2A418429EEBC7100F1185D /* PBXTargetDependency */,
			);
			name = AHAssessmentTests;
			productName = AHAssessmentTests;
			productReference = 8F2A418229EEBC7100F1185D /* AHAssessmentTests.xctest */;
			productType = "com.apple.product-type.bundle.unit-test";
		};
		8F2A418B29EEBC7100F1185D /* AHAssessmentUITests */ = {
			isa = PBXNativeTarget;
			buildConfigurationList = 8F2A419C29EEBC7100F1185D /* Build configuration list for PBXNativeTarget "AHAssessmentUITests" */;
			buildPhases = (
				8F2A418829EEBC7100F1185D /* Sources */,
				8F2A418929EEBC7100F1185D /* Frameworks */,
				8F2A418A29EEBC7100F1185D /* Resources */,
			);
			buildRules = (
			);
			dependencies = (
				8F2A418E29EEBC7100F1185D /* PBXTargetDependency */,
			);
			name = AHAssessmentUITests;
			productName = AHAssessmentUITests;
			productReference = 8F2A418C29EEBC7100F1185D /* AHAssessmentUITests.xctest */;
			productType = "com.apple.product-type.bundle.ui-testing";
		};
/* End PBXNativeTarget section */

/* Begin PBXProject section */
		8F2A416429EEBC6000F1185D /* Project object */ = {
			isa = PBXProject;
			attributes = {
				BuildIndependentTargetsInParallel = 1;
				LastSwiftUpdateCheck = 1430;
				LastUpgradeCheck = 1430;
				TargetAttributes = {
					8F2A416B29EEBC6000F1185D = {
						CreatedOnToolsVersion = 14.3;
					};
					8F2A418129EEBC7100F1185D = {
						CreatedOnToolsVersion = 14.3;
						TestTargetID = 8F2A416B29EEBC6000F1185D;
					};
					8F2A418B29EEBC7100F1185D = {
						CreatedOnToolsVersion = 14.3;
						TestTargetID = 8F2A416B29EEBC6000F1185D;
					};
				};
			};
			buildConfigurationList = 8F2A416729EEBC6000F1185D /* Build configuration list for PBXProject "AHAssessment" */;
			compatibilityVersion = "Xcode 14.0";
			developmentRegion = en;
			hasScannedForEncodings = 0;
			knownRegions = (
				en,
				Base,
			);
			mainGroup = 8F2A416329EEBC6000F1185D;
			productRefGroup = 8F2A416D29EEBC6000F1185D /* Products */;
			projectDirPath = "";
			projectRoot = "";
			targets = (
				8F2A416B29EEBC6000F1185D /* AHAssessment */,
				8F2A418129EEBC7100F1185D /* AHAssessmentTests */,
				8F2A418B29EEBC7100F1185D /* AHAssessmentUITests */,
			);
		};
/* End PBXProject section */

/* Begin PBXResourcesBuildPhase section */
		8F2A416A29EEBC6000F1185D /* Resources */ = {
			isa = PBXResourcesBuildPhase;
			buildActionMask = 2147483647;
			files = (
				8F2A417C29EEBC7000F1185D /* LaunchScreen.storyboard in Resources */,
				8F2A417929EEBC7000F1185D /* Assets.xcassets in Resources */,
				8FFBD43729F01029005AD0BA /* AppConfiguration.plist in Resources */,
			);
			runOnlyForDeploymentPostprocessing = 0;
		};
		8F2A418029EEBC7100F1185D /* Resources */ = {
			isa = PBXResourcesBuildPhase;
			buildActionMask = 2147483647;
			files = (
			);
			runOnlyForDeploymentPostprocessing = 0;
		};
		8F2A418A29EEBC7100F1185D /* Resources */ = {
			isa = PBXResourcesBuildPhase;
			buildActionMask = 2147483647;
			files = (
			);
			runOnlyForDeploymentPostprocessing = 0;
		};
/* End PBXResourcesBuildPhase section */

/* Begin PBXSourcesBuildPhase section */
		8F2A416829EEBC6000F1185D /* Sources */ = {
			isa = PBXSourcesBuildPhase;
			buildActionMask = 2147483647;
			files = (
				8FFBD43029EFDC0F005AD0BA /* Router.swift in Sources */,
				8F2A41A129EECB9700F1185D /* CollectionViewController.swift in Sources */,
				8F9A749229EF0BBA0032E5F3 /* SizeUtils.swift in Sources */,
				8F2A417429EEBC6000F1185D /* StartViewController.swift in Sources */,
				8F5C951E29F15B88003FD973 /* StringConstants.swift in Sources */,
				8FFBD43529EFFE55005AD0BA /* JSONDataProvider.swift in Sources */,
				8F68B93029F07BB5009830C3 /* ArtType.swift in Sources */,
				8F5C952029F15C43003FD973 /* ArtObjectCell.swift in Sources */,
				8F5C951C29F1569F003FD973 /* ArtTypeHeaderView.swift in Sources */,
				8FFBD43929F011F8005AD0BA /* AppConfiguration.swift in Sources */,
				8F2A417029EEBC6000F1185D /* AppDelegate.swift in Sources */,
				8F68B93429F093EA009830C3 /* ArtObject.swift in Sources */,
				8F2A417229EEBC6000F1185D /* SceneDelegate.swift in Sources */,
				8FFBD43229EFE7BF005AD0BA /* ColorConstants.swift in Sources */,
				8F2A41A629EECEAF00F1185D /* TextConstants.swift in Sources */,
				8F2A41A329EECBAC00F1185D /* DetailsViewController.swift in Sources */,
				8F68B93229F0938C009830C3 /* DataProvider.swift in Sources */,
			);
			runOnlyForDeploymentPostprocessing = 0;
		};
		8F2A417E29EEBC7100F1185D /* Sources */ = {
			isa = PBXSourcesBuildPhase;
			buildActionMask = 2147483647;
			files = (
				8F5C952629F29DC3003FD973 /* JSONDataProviderTests.swift in Sources */,
				8F2A418729EEBC7100F1185D /* AHAssessmentTests.swift in Sources */,
			);
			runOnlyForDeploymentPostprocessing = 0;
		};
		8F2A418829EEBC7100F1185D /* Sources */ = {
			isa = PBXSourcesBuildPhase;
			buildActionMask = 2147483647;
			files = (
				8F2A419129EEBC7100F1185D /* AHAssessmentUITests.swift in Sources */,
				8F2A419329EEBC7100F1185D /* AHAssessmentUITestsLaunchTests.swift in Sources */,
			);
			runOnlyForDeploymentPostprocessing = 0;
		};
/* End PBXSourcesBuildPhase section */

/* Begin PBXTargetDependency section */
		8F2A418429EEBC7100F1185D /* PBXTargetDependency */ = {
			isa = PBXTargetDependency;
			target = 8F2A416B29EEBC6000F1185D /* AHAssessment */;
			targetProxy = 8F2A418329EEBC7100F1185D /* PBXContainerItemProxy */;
		};
		8F2A418E29EEBC7100F1185D /* PBXTargetDependency */ = {
			isa = PBXTargetDependency;
			target = 8F2A416B29EEBC6000F1185D /* AHAssessment */;
			targetProxy = 8F2A418D29EEBC7100F1185D /* PBXContainerItemProxy */;
		};
/* End PBXTargetDependency section */

/* Begin PBXVariantGroup section */
		8F2A417A29EEBC7000F1185D /* LaunchScreen.storyboard */ = {
			isa = PBXVariantGroup;
			children = (
				8F2A417B29EEBC7000F1185D /* Base */,
			);
			name = LaunchScreen.storyboard;
			sourceTree = "<group>";
		};
/* End PBXVariantGroup section */

/* Begin XCBuildConfiguration section */
		8F2A419429EEBC7100F1185D /* Debug */ = {
			isa = XCBuildConfiguration;
			buildSettings = {
				ALWAYS_SEARCH_USER_PATHS = NO;
				CLANG_ANALYZER_NONNULL = YES;
				CLANG_ANALYZER_NUMBER_OBJECT_CONVERSION = YES_AGGRESSIVE;
				CLANG_CXX_LANGUAGE_STANDARD = "gnu++20";
				CLANG_ENABLE_MODULES = YES;
				CLANG_ENABLE_OBJC_ARC = YES;
				CLANG_ENABLE_OBJC_WEAK = YES;
				CLANG_WARN_BLOCK_CAPTURE_AUTORELEASING = YES;
				CLANG_WARN_BOOL_CONVERSION = YES;
				CLANG_WARN_COMMA = YES;
				CLANG_WARN_CONSTANT_CONVERSION = YES;
				CLANG_WARN_DEPRECATED_OBJC_IMPLEMENTATIONS = YES;
				CLANG_WARN_DIRECT_OBJC_ISA_USAGE = YES_ERROR;
				CLANG_WARN_DOCUMENTATION_COMMENTS = YES;
				CLANG_WARN_EMPTY_BODY = YES;
				CLANG_WARN_ENUM_CONVERSION = YES;
				CLANG_WARN_INFINITE_RECURSION = YES;
				CLANG_WARN_INT_CONVERSION = YES;
				CLANG_WARN_NON_LITERAL_NULL_CONVERSION = YES;
				CLANG_WARN_OBJC_IMPLICIT_RETAIN_SELF = YES;
				CLANG_WARN_OBJC_LITERAL_CONVERSION = YES;
				CLANG_WARN_OBJC_ROOT_CLASS = YES_ERROR;
				CLANG_WARN_QUOTED_INCLUDE_IN_FRAMEWORK_HEADER = YES;
				CLANG_WARN_RANGE_LOOP_ANALYSIS = YES;
				CLANG_WARN_STRICT_PROTOTYPES = YES;
				CLANG_WARN_SUSPICIOUS_MOVE = YES;
				CLANG_WARN_UNGUARDED_AVAILABILITY = YES_AGGRESSIVE;
				CLANG_WARN_UNREACHABLE_CODE = YES;
				CLANG_WARN__DUPLICATE_METHOD_MATCH = YES;
				COPY_PHASE_STRIP = NO;
				DEBUG_INFORMATION_FORMAT = dwarf;
				ENABLE_STRICT_OBJC_MSGSEND = YES;
				ENABLE_TESTABILITY = YES;
				GCC_C_LANGUAGE_STANDARD = gnu11;
				GCC_DYNAMIC_NO_PIC = NO;
				GCC_NO_COMMON_BLOCKS = YES;
				GCC_OPTIMIZATION_LEVEL = 0;
				GCC_PREPROCESSOR_DEFINITIONS = (
					"DEBUG=1",
					"$(inherited)",
				);
				GCC_WARN_64_TO_32_BIT_CONVERSION = YES;
				GCC_WARN_ABOUT_RETURN_TYPE = YES_ERROR;
				GCC_WARN_UNDECLARED_SELECTOR = YES;
				GCC_WARN_UNINITIALIZED_AUTOS = YES_AGGRESSIVE;
				GCC_WARN_UNUSED_FUNCTION = YES;
				GCC_WARN_UNUSED_VARIABLE = YES;
				IPHONEOS_DEPLOYMENT_TARGET = 16.4;
				MTL_ENABLE_DEBUG_INFO = INCLUDE_SOURCE;
				MTL_FAST_MATH = YES;
				ONLY_ACTIVE_ARCH = YES;
				SDKROOT = iphoneos;
				SWIFT_ACTIVE_COMPILATION_CONDITIONS = DEBUG;
				SWIFT_OPTIMIZATION_LEVEL = "-Onone";
			};
			name = Debug;
		};
		8F2A419529EEBC7100F1185D /* Release */ = {
			isa = XCBuildConfiguration;
			buildSettings = {
				ALWAYS_SEARCH_USER_PATHS = NO;
				CLANG_ANALYZER_NONNULL = YES;
				CLANG_ANALYZER_NUMBER_OBJECT_CONVERSION = YES_AGGRESSIVE;
				CLANG_CXX_LANGUAGE_STANDARD = "gnu++20";
				CLANG_ENABLE_MODULES = YES;
				CLANG_ENABLE_OBJC_ARC = YES;
				CLANG_ENABLE_OBJC_WEAK = YES;
				CLANG_WARN_BLOCK_CAPTURE_AUTORELEASING = YES;
				CLANG_WARN_BOOL_CONVERSION = YES;
				CLANG_WARN_COMMA = YES;
				CLANG_WARN_CONSTANT_CONVERSION = YES;
				CLANG_WARN_DEPRECATED_OBJC_IMPLEMENTATIONS = YES;
				CLANG_WARN_DIRECT_OBJC_ISA_USAGE = YES_ERROR;
				CLANG_WARN_DOCUMENTATION_COMMENTS = YES;
				CLANG_WARN_EMPTY_BODY = YES;
				CLANG_WARN_ENUM_CONVERSION = YES;
				CLANG_WARN_INFINITE_RECURSION = YES;
				CLANG_WARN_INT_CONVERSION = YES;
				CLANG_WARN_NON_LITERAL_NULL_CONVERSION = YES;
				CLANG_WARN_OBJC_IMPLICIT_RETAIN_SELF = YES;
				CLANG_WARN_OBJC_LITERAL_CONVERSION = YES;
				CLANG_WARN_OBJC_ROOT_CLASS = YES_ERROR;
				CLANG_WARN_QUOTED_INCLUDE_IN_FRAMEWORK_HEADER = YES;
				CLANG_WARN_RANGE_LOOP_ANALYSIS = YES;
				CLANG_WARN_STRICT_PROTOTYPES = YES;
				CLANG_WARN_SUSPICIOUS_MOVE = YES;
				CLANG_WARN_UNGUARDED_AVAILABILITY = YES_AGGRESSIVE;
				CLANG_WARN_UNREACHABLE_CODE = YES;
				CLANG_WARN__DUPLICATE_METHOD_MATCH = YES;
				COPY_PHASE_STRIP = NO;
				DEBUG_INFORMATION_FORMAT = "dwarf-with-dsym";
				ENABLE_NS_ASSERTIONS = NO;
				ENABLE_STRICT_OBJC_MSGSEND = YES;
				GCC_C_LANGUAGE_STANDARD = gnu11;
				GCC_NO_COMMON_BLOCKS = YES;
				GCC_WARN_64_TO_32_BIT_CONVERSION = YES;
				GCC_WARN_ABOUT_RETURN_TYPE = YES_ERROR;
				GCC_WARN_UNDECLARED_SELECTOR = YES;
				GCC_WARN_UNINITIALIZED_AUTOS = YES_AGGRESSIVE;
				GCC_WARN_UNUSED_FUNCTION = YES;
				GCC_WARN_UNUSED_VARIABLE = YES;
				IPHONEOS_DEPLOYMENT_TARGET = 16.4;
				MTL_ENABLE_DEBUG_INFO = NO;
				MTL_FAST_MATH = YES;
				SDKROOT = iphoneos;
				SWIFT_COMPILATION_MODE = wholemodule;
				SWIFT_OPTIMIZATION_LEVEL = "-O";
				VALIDATE_PRODUCT = YES;
			};
			name = Release;
		};
		8F2A419729EEBC7100F1185D /* Debug */ = {
			isa = XCBuildConfiguration;
			buildSettings = {
				ASSETCATALOG_COMPILER_APPICON_NAME = AppIcon;
				ASSETCATALOG_COMPILER_GLOBAL_ACCENT_COLOR_NAME = AccentColor;
				CODE_SIGN_STYLE = Automatic;
				CURRENT_PROJECT_VERSION = 6;
				DEVELOPMENT_TEAM = M56Q2P2T96;
				GENERATE_INFOPLIST_FILE = YES;
				INFOPLIST_FILE = AHAssessment/Info.plist;
				INFOPLIST_KEY_CFBundleDisplayName = SPAssessment;
				INFOPLIST_KEY_LSApplicationCategoryType = "public.app-category.education";
				INFOPLIST_KEY_UIApplicationSupportsIndirectInputEvents = YES;
				INFOPLIST_KEY_UILaunchStoryboardName = LaunchScreen;
				INFOPLIST_KEY_UISupportedInterfaceOrientations = UIInterfaceOrientationPortrait;
				IPHONEOS_DEPLOYMENT_TARGET = 14.4;
				LD_RUNPATH_SEARCH_PATHS = (
					"$(inherited)",
					"@executable_path/Frameworks",
				);
				MARKETING_VERSION = 0.1.0;
				PRODUCT_BUNDLE_IDENTIFIER = com.sp.AHAssessment;
				PRODUCT_NAME = "$(TARGET_NAME)";
				SWIFT_EMIT_LOC_STRINGS = YES;
				SWIFT_VERSION = 5.0;
				TARGETED_DEVICE_FAMILY = "1,2";
			};
			name = Debug;
		};
		8F2A419829EEBC7100F1185D /* Release */ = {
			isa = XCBuildConfiguration;
			buildSettings = {
				ASSETCATALOG_COMPILER_APPICON_NAME = AppIcon;
				ASSETCATALOG_COMPILER_GLOBAL_ACCENT_COLOR_NAME = AccentColor;
				CODE_SIGN_STYLE = Automatic;
				CURRENT_PROJECT_VERSION = 6;
				DEVELOPMENT_TEAM = M56Q2P2T96;
				GENERATE_INFOPLIST_FILE = YES;
				INFOPLIST_FILE = AHAssessment/Info.plist;
				INFOPLIST_KEY_CFBundleDisplayName = SPAssessment;
				INFOPLIST_KEY_LSApplicationCategoryType = "public.app-category.education";
				INFOPLIST_KEY_UIApplicationSupportsIndirectInputEvents = YES;
				INFOPLIST_KEY_UILaunchStoryboardName = LaunchScreen;
				INFOPLIST_KEY_UISupportedInterfaceOrientations = UIInterfaceOrientationPortrait;
				IPHONEOS_DEPLOYMENT_TARGET = 14.4;
				LD_RUNPATH_SEARCH_PATHS = (
					"$(inherited)",
					"@executable_path/Frameworks",
				);
				MARKETING_VERSION = 0.1.0;
				PRODUCT_BUNDLE_IDENTIFIER = com.sp.AHAssessment;
				PRODUCT_NAME = "$(TARGET_NAME)";
				SWIFT_EMIT_LOC_STRINGS = YES;
				SWIFT_VERSION = 5.0;
				TARGETED_DEVICE_FAMILY = "1,2";
			};
			name = Release;
		};
		8F2A419A29EEBC7100F1185D /* Debug */ = {
			isa = XCBuildConfiguration;
			buildSettings = {
				ALWAYS_EMBED_SWIFT_STANDARD_LIBRARIES = YES;
				BUNDLE_LOADER = "$(TEST_HOST)";
				CODE_SIGN_STYLE = Automatic;
				CURRENT_PROJECT_VERSION = 1;
				DEVELOPMENT_TEAM = M56Q2P2T96;
				GENERATE_INFOPLIST_FILE = YES;
				IPHONEOS_DEPLOYMENT_TARGET = 14.4;
				MARKETING_VERSION = 1.0;
				PRODUCT_BUNDLE_IDENTIFIER = com.sp.AHAssessmentTests;
				PRODUCT_NAME = "$(TARGET_NAME)";
				SWIFT_EMIT_LOC_STRINGS = NO;
				SWIFT_VERSION = 5.0;
				TARGETED_DEVICE_FAMILY = "1,2";
				TEST_HOST = "$(BUILT_PRODUCTS_DIR)/AHAssessment.app/$(BUNDLE_EXECUTABLE_FOLDER_PATH)/AHAssessment";
			};
			name = Debug;
		};
		8F2A419B29EEBC7100F1185D /* Release */ = {
			isa = XCBuildConfiguration;
			buildSettings = {
				ALWAYS_EMBED_SWIFT_STANDARD_LIBRARIES = YES;
				BUNDLE_LOADER = "$(TEST_HOST)";
				CODE_SIGN_STYLE = Automatic;
				CURRENT_PROJECT_VERSION = 1;
				DEVELOPMENT_TEAM = M56Q2P2T96;
				GENERATE_INFOPLIST_FILE = YES;
				IPHONEOS_DEPLOYMENT_TARGET = 14.4;
				MARKETING_VERSION = 1.0;
				PRODUCT_BUNDLE_IDENTIFIER = com.sp.AHAssessmentTests;
				PRODUCT_NAME = "$(TARGET_NAME)";
				SWIFT_EMIT_LOC_STRINGS = NO;
				SWIFT_VERSION = 5.0;
				TARGETED_DEVICE_FAMILY = "1,2";
				TEST_HOST = "$(BUILT_PRODUCTS_DIR)/AHAssessment.app/$(BUNDLE_EXECUTABLE_FOLDER_PATH)/AHAssessment";
			};
			name = Release;
		};
		8F2A419D29EEBC7100F1185D /* Debug */ = {
			isa = XCBuildConfiguration;
			buildSettings = {
				ALWAYS_EMBED_SWIFT_STANDARD_LIBRARIES = YES;
				CODE_SIGN_STYLE = Automatic;
				CURRENT_PROJECT_VERSION = 1;
				DEVELOPMENT_TEAM = M56Q2P2T96;
				GENERATE_INFOPLIST_FILE = YES;
				IPHONEOS_DEPLOYMENT_TARGET = 14.4;
				MARKETING_VERSION = 1.0;
				PRODUCT_BUNDLE_IDENTIFIER = com.sp.AHAssessmentUITests;
				PRODUCT_NAME = "$(TARGET_NAME)";
				SWIFT_EMIT_LOC_STRINGS = NO;
				SWIFT_VERSION = 5.0;
				TARGETED_DEVICE_FAMILY = "1,2";
				TEST_TARGET_NAME = AHAssessment;
			};
			name = Debug;
		};
		8F2A419E29EEBC7100F1185D /* Release */ = {
			isa = XCBuildConfiguration;
			buildSettings = {
				ALWAYS_EMBED_SWIFT_STANDARD_LIBRARIES = YES;
				CODE_SIGN_STYLE = Automatic;
				CURRENT_PROJECT_VERSION = 1;
				DEVELOPMENT_TEAM = M56Q2P2T96;
				GENERATE_INFOPLIST_FILE = YES;
				IPHONEOS_DEPLOYMENT_TARGET = 14.4;
				MARKETING_VERSION = 1.0;
				PRODUCT_BUNDLE_IDENTIFIER = com.sp.AHAssessmentUITests;
				PRODUCT_NAME = "$(TARGET_NAME)";
				SWIFT_EMIT_LOC_STRINGS = NO;
				SWIFT_VERSION = 5.0;
				TARGETED_DEVICE_FAMILY = "1,2";
				TEST_TARGET_NAME = AHAssessment;
			};
			name = Release;
		};
/* End XCBuildConfiguration section */

/* Begin XCConfigurationList section */
		8F2A416729EEBC6000F1185D /* Build configuration list for PBXProject "AHAssessment" */ = {
			isa = XCConfigurationList;
			buildConfigurations = (
				8F2A419429EEBC7100F1185D /* Debug */,
				8F2A419529EEBC7100F1185D /* Release */,
			);
			defaultConfigurationIsVisible = 0;
			defaultConfigurationName = Release;
		};
		8F2A419629EEBC7100F1185D /* Build configuration list for PBXNativeTarget "AHAssessment" */ = {
			isa = XCConfigurationList;
			buildConfigurations = (
				8F2A419729EEBC7100F1185D /* Debug */,
				8F2A419829EEBC7100F1185D /* Release */,
			);
			defaultConfigurationIsVisible = 0;
			defaultConfigurationName = Release;
		};
		8F2A419929EEBC7100F1185D /* Build configuration list for PBXNativeTarget "AHAssessmentTests" */ = {
			isa = XCConfigurationList;
			buildConfigurations = (
				8F2A419A29EEBC7100F1185D /* Debug */,
				8F2A419B29EEBC7100F1185D /* Release */,
			);
			defaultConfigurationIsVisible = 0;
			defaultConfigurationName = Release;
		};
		8F2A419C29EEBC7100F1185D /* Build configuration list for PBXNativeTarget "AHAssessmentUITests" */ = {
			isa = XCConfigurationList;
			buildConfigurations = (
				8F2A419D29EEBC7100F1185D /* Debug */,
				8F2A419E29EEBC7100F1185D /* Release */,
			);
			defaultConfigurationIsVisible = 0;
			defaultConfigurationName = Release;
		};
/* End XCConfigurationList section */
	};
	rootObject = 8F2A416429EEBC6000F1185D /* Project object */;
}
